
Microsoft Visual Studio Solution File, Format Version 12.00
# Visual Studio Version 17
VisualStudioVersion = 17.3.32901.215
MinimumVisualStudioVersion = 10.0.40219.1
Project("{FAE04EC0-301F-11D3-BF4B-00C04F79EFBC}") = "latest", "latest\latest.csproj", "{FAEA0789-A451-49A9-BE9F-2279F0E4CED4}"
EndProject
Global
	GlobalSection(SolutionConfigurationPlatforms) = preSolution
		Debug|Any CPU = Debug|Any CPU
		Release|Any CPU = Release|Any CPU
	EndGlobalSection
	GlobalSection(ProjectConfigurationPlatforms) = postSolution
		{FAEA0789-A451-49A9-BE9F-2279F0E4CED4}.Debug|Any CPU.ActiveCfg = Debug|Any CPU
		{FAEA0789-A451-49A9-BE9F-2279F0E4CED4}.Debug|Any CPU.Build.0 = Debug|Any CPU
		{FAEA0789-A451-49A9-BE9F-2279F0E4CED4}.Release|Any CPU.ActiveCfg = Release|Any CPU
		{FAEA0789-A451-49A9-BE9F-2279F0E4CED4}.Release|Any CPU.Build.0 = Release|Any CPU
	EndGlobalSection
	GlobalSection(SolutionProperties) = preSolution
		HideSolutionNode = FALSE
	EndGlobalSection
	GlobalSection(ExtensibilityGlobals) = postSolution
		SolutionGuid = {BF5EDD9E-88D7-48C0-A5C9-2736524E2FE3}
	EndGlobalSection
EndGlobal
